
Microsoft Visual Studio Solution File, Format Version 12.00
# Visual Studio Version 17
VisualStudioVersion = 17.6.33723.286
MinimumVisualStudioVersion = 10.0.40219.1
Project("{FAE04EC0-301F-11D3-BF4B-00C04F79EFBC}") = "Coffe_ManagementConsole", "Coffe_ManagementConsole.csproj", "{8D315208-E766-4D54-9759-B529A8379557}"
EndProject
Global
	GlobalSection(SolutionConfigurationPlatforms) = preSolution
		Debug|Any CPU = Debug|Any CPU
		Release|Any CPU = Release|Any CPU
	EndGlobalSection
	GlobalSection(ProjectConfigurationPlatforms) = postSolution
		{8D315208-E766-4D54-9759-B529A8379557}.Debug|Any CPU.ActiveCfg = Debug|Any CPU
		{8D315208-E766-4D54-9759-B529A8379557}.Debug|Any CPU.Build.0 = Debug|Any CPU
		{8D315208-E766-4D54-9759-B529A8379557}.Release|Any CPU.ActiveCfg = Release|Any CPU
		{8D315208-E766-4D54-9759-B529A8379557}.Release|Any CPU.Build.0 = Release|Any CPU
	EndGlobalSection
	GlobalSection(SolutionProperties) = preSolution
		HideSolutionNode = FALSE
	EndGlobalSection
	GlobalSection(ExtensibilityGlobals) = postSolution
		SolutionGuid = {4CE566E3-518A-4149-A1AA-878177190A9D}
	EndGlobalSection
EndGlobal
